
Microsoft Visual Studio Solution File, Format Version 12.00
# Visual Studio 15
VisualStudioVersion = 15.0.28307.329
MinimumVisualStudioVersion = 10.0.40219.1
Project("{FAE04EC0-301F-11D3-BF4B-00C04F79EFBC}") = "SensorDataToMindSphereTimeSeries", "SensorDataToMindSphereTimeSeries\SensorDataToMindSphereTimeSeries.csproj", "{79BE30A9-D52E-413A-967E-96E60BF1A809}"
EndProject
Global
	GlobalSection(SolutionConfigurationPlatforms) = preSolution
		Debug|Any CPU = Debug|Any CPU
		Release|Any CPU = Release|Any CPU
	EndGlobalSection
	GlobalSection(ProjectConfigurationPlatforms) = postSolution
		{79BE30A9-D52E-413A-967E-96E60BF1A809}.Debug|Any CPU.ActiveCfg = Debug|Any CPU
		{79BE30A9-D52E-413A-967E-96E60BF1A809}.Debug|Any CPU.Build.0 = Debug|Any CPU
		{79BE30A9-D52E-413A-967E-96E60BF1A809}.Release|Any CPU.ActiveCfg = Release|Any CPU
		{79BE30A9-D52E-413A-967E-96E60BF1A809}.Release|Any CPU.Build.0 = Release|Any CPU
	EndGlobalSection
	GlobalSection(SolutionProperties) = preSolution
		HideSolutionNode = FALSE
	EndGlobalSection
	GlobalSection(ExtensibilityGlobals) = postSolution
		SolutionGuid = {73B5C852-6743-4FD5-8CF9-895308F9C9D2}
	EndGlobalSection
EndGlobal
